
Microsoft Visual Studio Solution File, Format Version 12.00
# Visual Studio Version 16
VisualStudioVersion = 16.0.28621.142
MinimumVisualStudioVersion = 10.0.40219.1
Project("{888888A0-9F3D-457C-B088-3A5042F75D52}") = "LeetCode", "LeetCode.pyproj", "{BDA759ED-F5FD-44B0-97E9-2B25E5F860F7}"
EndProject
Global
	GlobalSection(SolutionConfigurationPlatforms) = preSolution
		Debug|Any CPU = Debug|Any CPU
		Release|Any CPU = Release|Any CPU
	EndGlobalSection
	GlobalSection(ProjectConfigurationPlatforms) = postSolution
		{BDA759ED-F5FD-44B0-97E9-2B25E5F860F7}.Debug|Any CPU.ActiveCfg = Debug|Any CPU
		{BDA759ED-F5FD-44B0-97E9-2B25E5F860F7}.Release|Any CPU.ActiveCfg = Release|Any CPU
	EndGlobalSection
	GlobalSection(SolutionProperties) = preSolution
		HideSolutionNode = FALSE
	EndGlobalSection
	GlobalSection(ExtensibilityGlobals) = postSolution
		SolutionGuid = {17252228-1164-43BA-B02A-A4C09AAA78B2}
	EndGlobalSection
EndGlobal
